
Microsoft Visual Studio Solution File, Format Version 12.00
# Visual Studio Version 17
VisualStudioVersion = 17.6.33829.357
MinimumVisualStudioVersion = 10.0.40219.1
Project("{FAE04EC0-301F-11D3-BF4B-00C04F79EFBC}") = "Fighter Jet Shooting Game", "Fighter Jet Shooting Game.csproj", "{7E180C91-0A63-4919-888D-A02D985FA08F}"
EndProject
Global
	GlobalSection(SolutionConfigurationPlatforms) = preSolution
		Debug|Any CPU = Debug|Any CPU
		Release|Any CPU = Release|Any CPU
	EndGlobalSection
	GlobalSection(ProjectConfigurationPlatforms) = postSolution
		{7E180C91-0A63-4919-888D-A02D985FA08F}.Debug|Any CPU.ActiveCfg = Debug|Any CPU
		{7E180C91-0A63-4919-888D-A02D985FA08F}.Debug|Any CPU.Build.0 = Debug|Any CPU
		{7E180C91-0A63-4919-888D-A02D985FA08F}.Release|Any CPU.ActiveCfg = Release|Any CPU
		{7E180C91-0A63-4919-888D-A02D985FA08F}.Release|Any CPU.Build.0 = Release|Any CPU
	EndGlobalSection
	GlobalSection(SolutionProperties) = preSolution
		HideSolutionNode = FALSE
	EndGlobalSection
	GlobalSection(ExtensibilityGlobals) = postSolution
		SolutionGuid = {04E7A849-21C7-4D2B-8F23-8EFC0FE96FCB}
	EndGlobalSection
EndGlobal
